
Microsoft Visual Studio Solution File, Format Version 12.00
# Visual Studio 15
VisualStudioVersion = 15.0.28307.852
MinimumVisualStudioVersion = 10.0.40219.1
Project("{FAE04EC0-301F-11D3-BF4B-00C04F79EFBC}") = "SimpleOrderWebApi", "SimpleOrderWebApi\SimpleOrderWebApi.csproj", "{DB5A086C-9121-4C74-A641-29A41505A86E}"
EndProject
Project("{FAE04EC0-301F-11D3-BF4B-00C04F79EFBC}") = "SimpleOrderConsoleApp", "SimpleOrderConsoleApp\SimpleOrderConsoleApp.csproj", "{90159A69-E57A-4159-9249-977BD6CF6114}"
EndProject
Global
	GlobalSection(SolutionConfigurationPlatforms) = preSolution
		Debug|Any CPU = Debug|Any CPU
		Release|Any CPU = Release|Any CPU
	EndGlobalSection
	GlobalSection(ProjectConfigurationPlatforms) = postSolution
		{DB5A086C-9121-4C74-A641-29A41505A86E}.Debug|Any CPU.ActiveCfg = Debug|Any CPU
		{DB5A086C-9121-4C74-A641-29A41505A86E}.Debug|Any CPU.Build.0 = Debug|Any CPU
		{DB5A086C-9121-4C74-A641-29A41505A86E}.Release|Any CPU.ActiveCfg = Release|Any CPU
		{DB5A086C-9121-4C74-A641-29A41505A86E}.Release|Any CPU.Build.0 = Release|Any CPU
		{90159A69-E57A-4159-9249-977BD6CF6114}.Debug|Any CPU.ActiveCfg = Debug|Any CPU
		{90159A69-E57A-4159-9249-977BD6CF6114}.Debug|Any CPU.Build.0 = Debug|Any CPU
		{90159A69-E57A-4159-9249-977BD6CF6114}.Release|Any CPU.ActiveCfg = Release|Any CPU
		{90159A69-E57A-4159-9249-977BD6CF6114}.Release|Any CPU.Build.0 = Release|Any CPU
	EndGlobalSection
	GlobalSection(SolutionProperties) = preSolution
		HideSolutionNode = FALSE
	EndGlobalSection
	GlobalSection(ExtensibilityGlobals) = postSolution
		SolutionGuid = {8CC6D394-8443-4C7B-A4EC-EB7A8A7D922A}
	EndGlobalSection
EndGlobal
