
Microsoft Visual Studio Solution File, Format Version 12.00
# Visual Studio Version 16
VisualStudioVersion = 16.0.29020.237
MinimumVisualStudioVersion = 10.0.40219.1
Project("{9A19103F-16F7-4668-BE54-9A1E7A4F7556}") = "SimpleOrderSearch.Service", "SimpleOrderSearch\SimpleOrderSearch.Service.csproj", "{439B4E29-5435-401B-BB52-9DD39C3FE0D9}"
EndProject
Project("{9A19103F-16F7-4668-BE54-9A1E7A4F7556}") = "SimpleOrderSearch.Tests", "SimpleOrderSearch.Tests\SimpleOrderSearch.Tests.csproj", "{641D0232-B4F6-416A-9A4B-B5D32B3FB08E}"
EndProject
Project("{FAE04EC0-301F-11D3-BF4B-00C04F79EFBC}") = "SimpleOrderSearch.Desktop", "SimpleOrderSearch.Desktop\SimpleOrderSearch.Desktop.csproj", "{0B79DF84-F3E1-49B0-ADE4-70BC0A8E22A4}"
EndProject
Project("{9A19103F-16F7-4668-BE54-9A1E7A4F7556}") = "SimpleOrderSearch.Model", "SimpleOrderSearch.ModelStandard\SimpleOrderSearch.Model.csproj", "{F127E637-335E-4D3A-82A7-33451706382F}"
EndProject
Global
	GlobalSection(SolutionConfigurationPlatforms) = preSolution
		Debug|Any CPU = Debug|Any CPU
		Release|Any CPU = Release|Any CPU
	EndGlobalSection
	GlobalSection(ProjectConfigurationPlatforms) = postSolution
		{439B4E29-5435-401B-BB52-9DD39C3FE0D9}.Debug|Any CPU.ActiveCfg = Debug|Any CPU
		{439B4E29-5435-401B-BB52-9DD39C3FE0D9}.Debug|Any CPU.Build.0 = Debug|Any CPU
		{439B4E29-5435-401B-BB52-9DD39C3FE0D9}.Release|Any CPU.ActiveCfg = Release|Any CPU
		{439B4E29-5435-401B-BB52-9DD39C3FE0D9}.Release|Any CPU.Build.0 = Release|Any CPU
		{641D0232-B4F6-416A-9A4B-B5D32B3FB08E}.Debug|Any CPU.ActiveCfg = Debug|Any CPU
		{641D0232-B4F6-416A-9A4B-B5D32B3FB08E}.Debug|Any CPU.Build.0 = Debug|Any CPU
		{641D0232-B4F6-416A-9A4B-B5D32B3FB08E}.Release|Any CPU.ActiveCfg = Release|Any CPU
		{641D0232-B4F6-416A-9A4B-B5D32B3FB08E}.Release|Any CPU.Build.0 = Release|Any CPU
		{0B79DF84-F3E1-49B0-ADE4-70BC0A8E22A4}.Debug|Any CPU.ActiveCfg = Debug|Any CPU
		{0B79DF84-F3E1-49B0-ADE4-70BC0A8E22A4}.Debug|Any CPU.Build.0 = Debug|Any CPU
		{0B79DF84-F3E1-49B0-ADE4-70BC0A8E22A4}.Release|Any CPU.ActiveCfg = Release|Any CPU
		{0B79DF84-F3E1-49B0-ADE4-70BC0A8E22A4}.Release|Any CPU.Build.0 = Release|Any CPU
		{F127E637-335E-4D3A-82A7-33451706382F}.Debug|Any CPU.ActiveCfg = Debug|Any CPU
		{F127E637-335E-4D3A-82A7-33451706382F}.Debug|Any CPU.Build.0 = Debug|Any CPU
		{F127E637-335E-4D3A-82A7-33451706382F}.Release|Any CPU.ActiveCfg = Release|Any CPU
		{F127E637-335E-4D3A-82A7-33451706382F}.Release|Any CPU.Build.0 = Release|Any CPU
	EndGlobalSection
	GlobalSection(SolutionProperties) = preSolution
		HideSolutionNode = FALSE
	EndGlobalSection
	GlobalSection(ExtensibilityGlobals) = postSolution
		SolutionGuid = {4AB4F81F-2ED6-4A08-968D-05DC83094CEC}
	EndGlobalSection
EndGlobal
