
Microsoft Visual Studio Solution File, Format Version 12.00
# Visual Studio Version 16
VisualStudioVersion = 16.0.29609.76
MinimumVisualStudioVersion = 10.0.40219.1
Project("{FAE04EC0-301F-11D3-BF4B-00C04F79EFBC}") = "SimpleOrderSearchService", "SimpleOrderSearchService.csproj", "{C9425568-7756-42D3-ABF1-0EF47AFF3C9F}"
EndProject
Global
	GlobalSection(SolutionConfigurationPlatforms) = preSolution
		Debug|Any CPU = Debug|Any CPU
		Release|Any CPU = Release|Any CPU
	EndGlobalSection
	GlobalSection(ProjectConfigurationPlatforms) = postSolution
		{C9425568-7756-42D3-ABF1-0EF47AFF3C9F}.Debug|Any CPU.ActiveCfg = Debug|Any CPU
		{C9425568-7756-42D3-ABF1-0EF47AFF3C9F}.Debug|Any CPU.Build.0 = Debug|Any CPU
		{C9425568-7756-42D3-ABF1-0EF47AFF3C9F}.Release|Any CPU.ActiveCfg = Release|Any CPU
		{C9425568-7756-42D3-ABF1-0EF47AFF3C9F}.Release|Any CPU.Build.0 = Release|Any CPU
	EndGlobalSection
	GlobalSection(SolutionProperties) = preSolution
		HideSolutionNode = FALSE
	EndGlobalSection
	GlobalSection(ExtensibilityGlobals) = postSolution
		SolutionGuid = {01680F85-A87A-4FD2-B460-DFE53DAC79A5}
	EndGlobalSection
EndGlobal
