
Microsoft Visual Studio Solution File, Format Version 12.00
# Visual Studio Version 16
VisualStudioVersion = 16.0.29201.188
MinimumVisualStudioVersion = 10.0.40219.1
Project("{FAE04EC0-301F-11D3-BF4B-00C04F79EFBC}") = "simpleOrderSearch", "simpleOrderSearch\simpleOrderSearch.csproj", "{D5806B0F-1110-4ACD-AA67-23F6BA3763E0}"
EndProject
Global
	GlobalSection(SolutionConfigurationPlatforms) = preSolution
		Debug|Any CPU = Debug|Any CPU
		Release|Any CPU = Release|Any CPU
	EndGlobalSection
	GlobalSection(ProjectConfigurationPlatforms) = postSolution
		{D5806B0F-1110-4ACD-AA67-23F6BA3763E0}.Debug|Any CPU.ActiveCfg = Debug|Any CPU
		{D5806B0F-1110-4ACD-AA67-23F6BA3763E0}.Debug|Any CPU.Build.0 = Debug|Any CPU
		{D5806B0F-1110-4ACD-AA67-23F6BA3763E0}.Release|Any CPU.ActiveCfg = Release|Any CPU
		{D5806B0F-1110-4ACD-AA67-23F6BA3763E0}.Release|Any CPU.Build.0 = Release|Any CPU
	EndGlobalSection
	GlobalSection(SolutionProperties) = preSolution
		HideSolutionNode = FALSE
	EndGlobalSection
	GlobalSection(ExtensibilityGlobals) = postSolution
		SolutionGuid = {A75B50FA-F71C-4D78-A8B1-720AAE708F36}
	EndGlobalSection
EndGlobal
