
Microsoft Visual Studio Solution File, Format Version 12.00
# Visual Studio Version 16
VisualStudioVersion = 16.0.29201.188
MinimumVisualStudioVersion = 10.0.40219.1
Project("{FAE04EC0-301F-11D3-BF4B-00C04F79EFBC}") = "OrderSearchAPI", "OrderSearchAPI\OrderSearchAPI.csproj", "{A1B2BAA4-C659-4AD6-9C69-05649AD0A100}"
EndProject
Global
	GlobalSection(SolutionConfigurationPlatforms) = preSolution
		Debug|Any CPU = Debug|Any CPU
		Release|Any CPU = Release|Any CPU
	EndGlobalSection
	GlobalSection(ProjectConfigurationPlatforms) = postSolution
		{A1B2BAA4-C659-4AD6-9C69-05649AD0A100}.Debug|Any CPU.ActiveCfg = Debug|Any CPU
		{A1B2BAA4-C659-4AD6-9C69-05649AD0A100}.Debug|Any CPU.Build.0 = Debug|Any CPU
		{A1B2BAA4-C659-4AD6-9C69-05649AD0A100}.Release|Any CPU.ActiveCfg = Release|Any CPU
		{A1B2BAA4-C659-4AD6-9C69-05649AD0A100}.Release|Any CPU.Build.0 = Release|Any CPU
	EndGlobalSection
	GlobalSection(SolutionProperties) = preSolution
		HideSolutionNode = FALSE
	EndGlobalSection
	GlobalSection(ExtensibilityGlobals) = postSolution
		SolutionGuid = {8568B0FF-8B25-4CF4-9E62-29F430C256CC}
	EndGlobalSection
EndGlobal
