
Microsoft Visual Studio Solution File, Format Version 12.00
# Visual Studio Version 16
VisualStudioVersion = 16.0.29519.87
MinimumVisualStudioVersion = 10.0.40219.1
Project("{FAE04EC0-301F-11D3-BF4B-00C04F79EFBC}") = "SimpleOrderSearchConsole", "SimpleOrderSearchConsole\SimpleOrderSearchConsole.csproj", "{B38BA318-5D09-4C0E-B366-273D7FE97B22}"
EndProject
Global
	GlobalSection(SolutionConfigurationPlatforms) = preSolution
		Debug|Any CPU = Debug|Any CPU
		Release|Any CPU = Release|Any CPU
	EndGlobalSection
	GlobalSection(ProjectConfigurationPlatforms) = postSolution
		{B38BA318-5D09-4C0E-B366-273D7FE97B22}.Debug|Any CPU.ActiveCfg = Debug|Any CPU
		{B38BA318-5D09-4C0E-B366-273D7FE97B22}.Debug|Any CPU.Build.0 = Debug|Any CPU
		{B38BA318-5D09-4C0E-B366-273D7FE97B22}.Release|Any CPU.ActiveCfg = Release|Any CPU
		{B38BA318-5D09-4C0E-B366-273D7FE97B22}.Release|Any CPU.Build.0 = Release|Any CPU
	EndGlobalSection
	GlobalSection(SolutionProperties) = preSolution
		HideSolutionNode = FALSE
	EndGlobalSection
	GlobalSection(ExtensibilityGlobals) = postSolution
		SolutionGuid = {1D13FE33-5F92-4E47-804D-2C7BE336FBFD}
	EndGlobalSection
EndGlobal
