
Microsoft Visual Studio Solution File, Format Version 12.00
# Visual Studio 15
VisualStudioVersion = 15.0.28307.168
MinimumVisualStudioVersion = 10.0.40219.1
Project("{FAE04EC0-301F-11D3-BF4B-00C04F79EFBC}") = "SimpleOrderSearchClient", "SimpleOrderSearchClient.csproj", "{24A4ECBC-64C4-4BEF-9624-421D8243F053}"
EndProject
Global
	GlobalSection(SolutionConfigurationPlatforms) = preSolution
		Debug|Any CPU = Debug|Any CPU
		Release|Any CPU = Release|Any CPU
	EndGlobalSection
	GlobalSection(ProjectConfigurationPlatforms) = postSolution
		{24A4ECBC-64C4-4BEF-9624-421D8243F053}.Debug|Any CPU.ActiveCfg = Debug|Any CPU
		{24A4ECBC-64C4-4BEF-9624-421D8243F053}.Debug|Any CPU.Build.0 = Debug|Any CPU
		{24A4ECBC-64C4-4BEF-9624-421D8243F053}.Release|Any CPU.ActiveCfg = Release|Any CPU
		{24A4ECBC-64C4-4BEF-9624-421D8243F053}.Release|Any CPU.Build.0 = Release|Any CPU
	EndGlobalSection
	GlobalSection(SolutionProperties) = preSolution
		HideSolutionNode = FALSE
	EndGlobalSection
	GlobalSection(ExtensibilityGlobals) = postSolution
		SolutionGuid = {A8484247-2EE8-42FB-87B5-A002D3563A6D}
	EndGlobalSection
EndGlobal
